
Microsoft Visual Studio Solution File, Format Version 12.00
Project("{FAE04EC0-301F-11D3-BF4B-00C04F79EFBC}") = "DS.ApiGateWay", "DS.ApiGateWay\DS.ApiGateWay.csproj", "{733897A6-705B-4526-AA99-B2C8FD5917CE}"
EndProject
Project("{2150E333-8FDC-42A3-9474-1A3956D46DE8}") = "Services", "Services", "{19B1951F-A383-44D5-A159-8E4EAD000895}"
EndProject
Project("{FAE04EC0-301F-11D3-BF4B-00C04F79EFBC}") = "DS.UserService", "DS.UserService\DS.UserService.csproj", "{667AA2EA-000B-4EA6-BF2A-130541E0AE4A}"
EndProject
Project("{FAE04EC0-301F-11D3-BF4B-00C04F79EFBC}") = "DS.InventoryService", "DS.InventoryService\DS.InventoryService.csproj", "{9D20C7C4-0590-4EC6-9A5E-DA1708AA299C}"
EndProject
Project("{2150E333-8FDC-42A3-9474-1A3956D46DE8}") = "Shared", "Shared", "{E1238ECC-A95C-46B1-8AE6-B9342CBE86B1}"
EndProject
Project("{FAE04EC0-301F-11D3-BF4B-00C04F79EFBC}") = "DS.Shared.Events", "DS.Shared.Events\DS.Shared.Events.csproj", "{7564975F-3989-4A28-9A1A-3A2017484AA9}"
EndProject
Project("{FAE04EC0-301F-11D3-BF4B-00C04F79EFBC}") = "DS.Shared.Contracts", "DS.Shared.Contracts\DS.Shared.Contracts.csproj", "{40497A4A-A15C-48D7-B7BE-0EA44B365648}"
EndProject
Project("{2150E333-8FDC-42A3-9474-1A3956D46DE8}") = "Sagas", "Sagas", "{40FB68D3-3163-4875-934F-9FC1BE660057}"
EndProject
Project("{FAE04EC0-301F-11D3-BF4B-00C04F79EFBC}") = "DS.Orchestrator", "DS.Orchestrator\DS.Orchestrator.csproj", "{69D6ABAA-39D6-4495-90BF-BA789AFD0C89}"
EndProject
Global
	GlobalSection(SolutionConfigurationPlatforms) = preSolution
		Debug|Any CPU = Debug|Any CPU
		Release|Any CPU = Release|Any CPU
	EndGlobalSection
	GlobalSection(ProjectConfigurationPlatforms) = postSolution
		{733897A6-705B-4526-AA99-B2C8FD5917CE}.Debug|Any CPU.ActiveCfg = Debug|Any CPU
		{733897A6-705B-4526-AA99-B2C8FD5917CE}.Debug|Any CPU.Build.0 = Debug|Any CPU
		{733897A6-705B-4526-AA99-B2C8FD5917CE}.Release|Any CPU.ActiveCfg = Release|Any CPU
		{733897A6-705B-4526-AA99-B2C8FD5917CE}.Release|Any CPU.Build.0 = Release|Any CPU
		{667AA2EA-000B-4EA6-BF2A-130541E0AE4A}.Debug|Any CPU.ActiveCfg = Debug|Any CPU
		{667AA2EA-000B-4EA6-BF2A-130541E0AE4A}.Debug|Any CPU.Build.0 = Debug|Any CPU
		{667AA2EA-000B-4EA6-BF2A-130541E0AE4A}.Release|Any CPU.ActiveCfg = Release|Any CPU
		{667AA2EA-000B-4EA6-BF2A-130541E0AE4A}.Release|Any CPU.Build.0 = Release|Any CPU
		{9D20C7C4-0590-4EC6-9A5E-DA1708AA299C}.Debug|Any CPU.ActiveCfg = Debug|Any CPU
		{9D20C7C4-0590-4EC6-9A5E-DA1708AA299C}.Debug|Any CPU.Build.0 = Debug|Any CPU
		{9D20C7C4-0590-4EC6-9A5E-DA1708AA299C}.Release|Any CPU.ActiveCfg = Release|Any CPU
		{9D20C7C4-0590-4EC6-9A5E-DA1708AA299C}.Release|Any CPU.Build.0 = Release|Any CPU
		{7564975F-3989-4A28-9A1A-3A2017484AA9}.Debug|Any CPU.ActiveCfg = Debug|Any CPU
		{7564975F-3989-4A28-9A1A-3A2017484AA9}.Debug|Any CPU.Build.0 = Debug|Any CPU
		{7564975F-3989-4A28-9A1A-3A2017484AA9}.Release|Any CPU.ActiveCfg = Release|Any CPU
		{7564975F-3989-4A28-9A1A-3A2017484AA9}.Release|Any CPU.Build.0 = Release|Any CPU
		{40497A4A-A15C-48D7-B7BE-0EA44B365648}.Debug|Any CPU.ActiveCfg = Debug|Any CPU
		{40497A4A-A15C-48D7-B7BE-0EA44B365648}.Debug|Any CPU.Build.0 = Debug|Any CPU
		{40497A4A-A15C-48D7-B7BE-0EA44B365648}.Release|Any CPU.ActiveCfg = Release|Any CPU
		{40497A4A-A15C-48D7-B7BE-0EA44B365648}.Release|Any CPU.Build.0 = Release|Any CPU
		{69D6ABAA-39D6-4495-90BF-BA789AFD0C89}.Debug|Any CPU.ActiveCfg = Debug|Any CPU
		{69D6ABAA-39D6-4495-90BF-BA789AFD0C89}.Debug|Any CPU.Build.0 = Debug|Any CPU
		{69D6ABAA-39D6-4495-90BF-BA789AFD0C89}.Release|Any CPU.ActiveCfg = Release|Any CPU
		{69D6ABAA-39D6-4495-90BF-BA789AFD0C89}.Release|Any CPU.Build.0 = Release|Any CPU
	EndGlobalSection
	GlobalSection(NestedProjects) = preSolution
		{667AA2EA-000B-4EA6-BF2A-130541E0AE4A} = {19B1951F-A383-44D5-A159-8E4EAD000895}
		{9D20C7C4-0590-4EC6-9A5E-DA1708AA299C} = {19B1951F-A383-44D5-A159-8E4EAD000895}
		{7564975F-3989-4A28-9A1A-3A2017484AA9} = {E1238ECC-A95C-46B1-8AE6-B9342CBE86B1}
		{40497A4A-A15C-48D7-B7BE-0EA44B365648} = {E1238ECC-A95C-46B1-8AE6-B9342CBE86B1}
		{69D6ABAA-39D6-4495-90BF-BA789AFD0C89} = {40FB68D3-3163-4875-934F-9FC1BE660057}
	EndGlobalSection
EndGlobal
